
Microsoft Visual Studio Solution File, Format Version 12.00
# Visual Studio 15
VisualStudioVersion = 15.0.28010.2050
MinimumVisualStudioVersion = 10.0.40219.1
Project("{FAE04EC0-301F-11D3-BF4B-00C04F79EFBC}") = "Halcon.MVision.Core", "Halcon.MVision.Core\Halcon.MVision.Core.csproj", "{EB879B28-782D-4C3D-8F5E-A21525C95B4D}"
EndProject
Project("{FAE04EC0-301F-11D3-BF4B-00C04F79EFBC}") = "Halcon.MVision", "Halcon.MVision\Halcon.MVision.csproj", "{D9D6B37E-7866-49EA-9F13-2351621F6650}"
EndProject
Project("{FAE04EC0-301F-11D3-BF4B-00C04F79EFBC}") = "Halcon.MVision.Controls", "Halcon.MVision.Controls\Halcon.MVision.Controls.csproj", "{8BB23D82-583C-4B52-A084-096A2882966F}"
EndProject
Global
	GlobalSection(SolutionConfigurationPlatforms) = preSolution
		Debug|Any CPU = Debug|Any CPU
		Release|Any CPU = Release|Any CPU
	EndGlobalSection
	GlobalSection(ProjectConfigurationPlatforms) = postSolution
		{EB879B28-782D-4C3D-8F5E-A21525C95B4D}.Debug|Any CPU.ActiveCfg = Debug|Any CPU
		{EB879B28-782D-4C3D-8F5E-A21525C95B4D}.Debug|Any CPU.Build.0 = Debug|Any CPU
		{EB879B28-782D-4C3D-8F5E-A21525C95B4D}.Release|Any CPU.ActiveCfg = Release|Any CPU
		{EB879B28-782D-4C3D-8F5E-A21525C95B4D}.Release|Any CPU.Build.0 = Release|Any CPU
		{D9D6B37E-7866-49EA-9F13-2351621F6650}.Debug|Any CPU.ActiveCfg = Debug|Any CPU
		{D9D6B37E-7866-49EA-9F13-2351621F6650}.Debug|Any CPU.Build.0 = Debug|Any CPU
		{D9D6B37E-7866-49EA-9F13-2351621F6650}.Release|Any CPU.ActiveCfg = Release|Any CPU
		{D9D6B37E-7866-49EA-9F13-2351621F6650}.Release|Any CPU.Build.0 = Release|Any CPU
		{8BB23D82-583C-4B52-A084-096A2882966F}.Debug|Any CPU.ActiveCfg = Debug|Any CPU
		{8BB23D82-583C-4B52-A084-096A2882966F}.Debug|Any CPU.Build.0 = Debug|Any CPU
		{8BB23D82-583C-4B52-A084-096A2882966F}.Release|Any CPU.ActiveCfg = Release|Any CPU
		{8BB23D82-583C-4B52-A084-096A2882966F}.Release|Any CPU.Build.0 = Release|Any CPU
	EndGlobalSection
	GlobalSection(SolutionProperties) = preSolution
		HideSolutionNode = FALSE
	EndGlobalSection
	GlobalSection(ExtensibilityGlobals) = postSolution
		SolutionGuid = {0574843E-F84F-45B1-A83E-52314F3DA968}
	EndGlobalSection
EndGlobal
