
Microsoft Visual Studio Solution File, Format Version 12.00
# Visual Studio 15
VisualStudioVersion = 15.0.28307.168
MinimumVisualStudioVersion = 10.0.40219.1
Project("{FAE04EC0-301F-11D3-BF4B-00C04F79EFBC}") = "Test", "Test\Test.csproj", "{ABFC1B22-B1BC-4DD1-A086-59E439CC6B9C}"
EndProject
Global
	GlobalSection(SolutionConfigurationPlatforms) = preSolution
		Debug|Any CPU = Debug|Any CPU
		Release|Any CPU = Release|Any CPU
	EndGlobalSection
	GlobalSection(ProjectConfigurationPlatforms) = postSolution
		{ABFC1B22-B1BC-4DD1-A086-59E439CC6B9C}.Debug|Any CPU.ActiveCfg = Debug|Any CPU
		{ABFC1B22-B1BC-4DD1-A086-59E439CC6B9C}.Debug|Any CPU.Build.0 = Debug|Any CPU
		{ABFC1B22-B1BC-4DD1-A086-59E439CC6B9C}.Release|Any CPU.ActiveCfg = Release|Any CPU
		{ABFC1B22-B1BC-4DD1-A086-59E439CC6B9C}.Release|Any CPU.Build.0 = Release|Any CPU
	EndGlobalSection
	GlobalSection(SolutionProperties) = preSolution
		HideSolutionNode = FALSE
	EndGlobalSection
	GlobalSection(ExtensibilityGlobals) = postSolution
		SolutionGuid = {CB7EB91C-A8F0-4ECD-9E0D-99CA8BFD658E}
	EndGlobalSection
EndGlobal
