
Microsoft Visual Studio Solution File, Format Version 12.00
# Visual Studio 15
VisualStudioVersion = 15.0.28010.2048
MinimumVisualStudioVersion = 10.0.40219.1
Project("{FAE04EC0-301F-11D3-BF4B-00C04F79EFBC}") = "HalconCameraDLLTest", "HalconCameraDLLTest\HalconCameraDLLTest.csproj", "{74F9B019-36E2-4993-BBC0-B232F08AA82F}"
EndProject
Global
	GlobalSection(SolutionConfigurationPlatforms) = preSolution
		Debug|Any CPU = Debug|Any CPU
		Release|Any CPU = Release|Any CPU
	EndGlobalSection
	GlobalSection(ProjectConfigurationPlatforms) = postSolution
		{74F9B019-36E2-4993-BBC0-B232F08AA82F}.Debug|Any CPU.ActiveCfg = Debug|Any CPU
		{74F9B019-36E2-4993-BBC0-B232F08AA82F}.Debug|Any CPU.Build.0 = Debug|Any CPU
		{74F9B019-36E2-4993-BBC0-B232F08AA82F}.Release|Any CPU.ActiveCfg = Release|Any CPU
		{74F9B019-36E2-4993-BBC0-B232F08AA82F}.Release|Any CPU.Build.0 = Release|Any CPU
	EndGlobalSection
	GlobalSection(SolutionProperties) = preSolution
		HideSolutionNode = FALSE
	EndGlobalSection
	GlobalSection(ExtensibilityGlobals) = postSolution
		SolutionGuid = {5EB2C217-D365-4142-A6CE-2B2C4CB0C9F5}
	EndGlobalSection
EndGlobal
